// !$*UTF8*$!
{
	archiveVersion = 1;
	classes = {
	};
	objectVersion = 50;
	objects = {

/* Begin PBXBuildFile section */
		CE2F765325808EB10021E3BC /* AppDelegate.swift in Sources */ = {isa = PBXBuildFile; fileRef = CE2F765225808EB10021E3BC /* AppDelegate.swift */; };
		CE2F765525808EB10021E3BC /* SceneDelegate.swift in Sources */ = {isa = PBXBuildFile; fileRef = CE2F765425808EB10021E3BC /* SceneDelegate.swift */; };
		CE2F765725808EB10021E3BC /* ViewController.swift in Sources */ = {isa = PBXBuildFile; fileRef = CE2F765625808EB10021E3BC /* ViewController.swift */; };
		CE2F765A25808EB10021E3BC /* Main.storyboard in Resources */ = {isa = PBXBuildFile; fileRef = CE2F765825808EB10021E3BC /* Main.storyboard */; };
		CE2F765D25808EB10021E3BC /* HolloWorld.xcdatamodeld in Sources */ = {isa = PBXBuildFile; fileRef = CE2F765B25808EB10021E3BC /* HolloWorld.xcdatamodeld */; };
		CE2F765F25808EB20021E3BC /* Assets.xcassets in Resources */ = {isa = PBXBuildFile; fileRef = CE2F765E25808EB20021E3BC /* Assets.xcassets */; };
		CE2F766225808EB20021E3BC /* LaunchScreen.storyboard in Resources */ = {isa = PBXBuildFile; fileRef = CE2F766025808EB20021E3BC /* LaunchScreen.storyboard */; };
/* End PBXBuildFile section */

/* Begin PBXFileReference section */
		CE2F764F25808EB10021E3BC /* HolloWorld.app */ = {isa = PBXFileReference; explicitFileType = wrapper.application; includeInIndex = 0; path = HolloWorld.app; sourceTree = BUILT_PRODUCTS_DIR; };
		CE2F765225808EB10021E3BC /* AppDelegate.swift */ = {isa = PBXFileReference; lastKnownFileType = sourcecode.swift; path = AppDelegate.swift; sourceTree = "<group>"; };
		CE2F765425808EB10021E3BC /* SceneDelegate.swift */ = {isa = PBXFileReference; lastKnownFileType = sourcecode.swift; path = SceneDelegate.swift; sourceTree = "<group>"; };
		CE2F765625808EB10021E3BC /* ViewController.swift */ = {isa = PBXFileReference; lastKnownFileType = sourcecode.swift; path = ViewController.swift; sourceTree = "<group>"; };
		CE2F765925808EB10021E3BC /* Base */ = {isa = PBXFileReference; lastKnownFileType = file.storyboard; name = Base; path = Base.lproj/Main.storyboard; sourceTree = "<group>"; };
		CE2F765C25808EB10021E3BC /* HolloWorld.xcdatamodel */ = {isa = PBXFileReference; lastKnownFileType = wrapper.xcdatamodel; path = HolloWorld.xcdatamodel; sourceTree = "<group>"; };
		CE2F765E25808EB20021E3BC /* Assets.xcassets */ = {isa = PBXFileReference; lastKnownFileType = folder.assetcatalog; path = Assets.xcassets; sourceTree = "<group>"; };
		CE2F766125808EB20021E3BC /* Base */ = {isa = PBXFileReference; lastKnownFileType = file.storyboard; name = Base; path = Base.lproj/LaunchScreen.storyboard; sourceTree = "<group>"; };
		CE2F766325808EB20021E3BC /* Info.plist */ = {isa = PBXFileReference; lastKnownFileType = text.plist.xml; path = Info.plist; sourceTree = "<group>"; };
/* End PBXFileReference section */

/* Begin PBXFrameworksBuildPhase section */
		CE2F764C25808EB10021E3BC /* Frameworks */ = {
			isa = PBXFrameworksBuildPhase;
			buildActionMask = 2147483647;
			files = (
			);
			runOnlyForDeploymentPostprocessing = 0;
		};
/* End PBXFrameworksBuildPhase section */

/* Begin PBXGroup section */
		CE2F764625808EB10021E3BC = {
			isa = PBXGroup;
			children = (
				CE2F765125808EB10021E3BC /* HolloWorld */,
				CE2F765025808EB10021E3BC /* Products */,
			);
			sourceTree = "<group>";
		};
		CE2F765025808EB10021E3BC /* Products */ = {
			isa = PBXGroup;
			children = (
				CE2F764F25808EB10021E3BC /* HolloWorld.app */,
			);
			name = Products;
			sourceTree = "<group>";
		};
		CE2F765125808EB10021E3BC /* HolloWorld */ = {
			isa = PBXGroup;
			children = (
				CE2F765225808EB10021E3BC /* AppDelegate.swift */,
				CE2F765425808EB10021E3BC /* SceneDelegate.swift */,
				CE2F765625808EB10021E3BC /* ViewController.swift */,
				CE2F765825808EB10021E3BC /* Main.storyboard */,
				CE2F765E25808EB20021E3BC /* Assets.xcassets */,
				CE2F766025808EB20021E3BC /* LaunchScreen.storyboard */,
				CE2F766325808EB20021E3BC /* Info.plist */,
				CE2F765B25808EB10021E3BC /* HolloWorld.xcdatamodeld */,
			);
			path = HolloWorld;
			sourceTree = "<group>";
		};
/* End PBXGroup section */

/* Begin PBXNativeTarget section */
		CE2F764E25808EB10021E3BC /* HolloWorld */ = {
			isa = PBXNativeTarget;
			buildConfigurationList = CE2F766625808EB20021E3BC /* Build configuration list for PBXNativeTarget "HolloWorld" */;
			buildPhases = (
				CE2F764B25808EB10021E3BC /* Sources */,
				CE2F764C25808EB10021E3BC /* Frameworks */,
				CE2F764D25808EB10021E3BC /* Resources */,
			);
			buildRules = (
			);
			dependencies = (
			);
			name = HolloWorld;
			productName = HolloWorld;
			productReference = CE2F764F25808EB10021E3BC /* HolloWorld.app */;
			productType = "com.apple.product-type.application";
		};
/* End PBXNativeTarget section */

/* Begin PBXProject section */
		CE2F764725808EB10021E3BC /* Project object */ = {
			isa = PBXProject;
			attributes = {
				LastSwiftUpdateCheck = 1220;
				LastUpgradeCheck = 1220;
				TargetAttributes = {
					CE2F764E25808EB10021E3BC = {
						CreatedOnToolsVersion = 12.2;
					};
				};
			};
			buildConfigurationList = CE2F764A25808EB10021E3BC /* Build configuration list for PBXProject "HolloWorld" */;
			compatibilityVersion = "Xcode 9.3";
			developmentRegion = en;
			hasScannedForEncodings = 0;
			knownRegions = (
				en,
				Base,
			);
			mainGroup = CE2F764625808EB10021E3BC;
			productRefGroup = CE2F765025808EB10021E3BC /* Products */;
			projectDirPath = "";
			projectRoot = "";
			targets = (
				CE2F764E25808EB10021E3BC /* HolloWorld */,
			);
		};
/* End PBXProject section */

/* Begin PBXResourcesBuildPhase section */
		CE2F764D25808EB10021E3BC /* Resources */ = {
			isa = PBXResourcesBuildPhase;
			buildActionMask = 2147483647;
			files = (
				CE2F766225808EB20021E3BC /* LaunchScreen.storyboard in Resources */,
				CE2F765F25808EB20021E3BC /* Assets.xcassets in Resources */,
				CE2F765A25808EB10021E3BC /* Main.storyboard in Resources */,
			);
			runOnlyForDeploymentPostprocessing = 0;
		};
/* End PBXResourcesBuildPhase section */

/* Begin PBXSourcesBuildPhase section */
		CE2F764B25808EB10021E3BC /* Sources */ = {
			isa = PBXSourcesBuildPhase;
			buildActionMask = 2147483647;
			files = (
				CE2F765725808EB10021E3BC /* ViewController.swift in Sources */,
				CE2F765D25808EB10021E3BC /* HolloWorld.xcdatamodeld in Sources */,
				CE2F765325808EB10021E3BC /* AppDelegate.swift in Sources */,
				CE2F765525808EB10021E3BC /* SceneDelegate.swift in Sources */,
			);
			runOnlyForDeploymentPostprocessing = 0;
		};
/* End PBXSourcesBuildPhase section */

/* Begin PBXVariantGroup section */
		CE2F765825808EB10021E3BC /* Main.storyboard */ = {
			isa = PBXVariantGroup;
			children = (
				CE2F765925808EB10021E3BC /* Base */,
			);
			name = Main.storyboard;
			sourceTree = "<group>";
		};
		CE2F766025808EB20021E3BC /* LaunchScreen.storyboard */ = {
			isa = PBXVariantGroup;
			children = (
				CE2F766125808EB20021E3BC /* Base */,
			);
			name = LaunchScreen.storyboard;
			sourceTree = "<group>";
		};
/* End PBXVariantGroup section */

/* Begin XCBuildConfiguration section */
		CE2F766425808EB20021E3BC /* Debug */ = {
			isa = XCBuildConfiguration;
			buildSettings = {
				ALWAYS_SEARCH_USER_PATHS = NO;
				CLANG_ANALYZER_NONNULL = YES;
				CLANG_ANALYZER_NUMBER_OBJECT_CONVERSION = YES_AGGRESSIVE;
				CLANG_CXX_LANGUAGE_STANDARD = "gnu++14";
				CLANG_CXX_LIBRARY = "libc++";
				CLANG_ENABLE_MODULES = YES;
				CLANG_ENABLE_OBJC_ARC = YES;
				CLANG_ENABLE_OBJC_WEAK = YES;
				CLANG_WARN_BLOCK_CAPTURE_AUTORELEASING = YES;
				CLANG_WARN_BOOL_CONVERSION = YES;
				CLANG_WARN_COMMA = YES;
				CLANG_WARN_CONSTANT_CONVERSION = YES;
				CLANG_WARN_DEPRECATED_OBJC_IMPLEMENTATIONS = YES;
				CLANG_WARN_DIRECT_OBJC_ISA_USAGE = YES_ERROR;
				CLANG_WARN_DOCUMENTATION_COMMENTS = YES;
				CLANG_WARN_EMPTY_BODY = YES;
				CLANG_WARN_ENUM_CONVERSION = YES;
				CLANG_WARN_INFINITE_RECURSION = YES;
				CLANG_WARN_INT_CONVERSION = YES;
				CLANG_WARN_NON_LITERAL_NULL_CONVERSION = YES;
				CLANG_WARN_OBJC_IMPLICIT_RETAIN_SELF = YES;
				CLANG_WARN_OBJC_LITERAL_CONVERSION = YES;
				CLANG_WARN_OBJC_ROOT_CLASS = YES_ERROR;
				CLANG_WARN_QUOTED_INCLUDE_IN_FRAMEWORK_HEADER = YES;
				CLANG_WARN_RANGE_LOOP_ANALYSIS = YES;
				CLANG_WARN_STRICT_PROTOTYPES = YES;
				CLANG_WARN_SUSPICIOUS_MOVE = YES;
				CLANG_WARN_UNGUARDED_AVAILABILITY = YES_AGGRESSIVE;
				CLANG_WARN_UNREACHABLE_CODE = YES;
				CLANG_WARN__DUPLICATE_METHOD_MATCH = YES;
				COPY_PHASE_STRIP = NO;
				DEBUG_INFORMATION_FORMAT = dwarf;
				ENABLE_STRICT_OBJC_MSGSEND = YES;
				ENABLE_TESTABILITY = YES;
				GCC_C_LANGUAGE_STANDARD = gnu11;
				GCC_DYNAMIC_NO_PIC = NO;
				GCC_NO_COMMON_BLOCKS = YES;
				GCC_OPTIMIZATION_LEVEL = 0;
				GCC_PREPROCESSOR_DEFINITIONS = (
					"DEBUG=1",
					"$(inherited)",
				);
				GCC_WARN_64_TO_32_BIT_CONVERSION = YES;
				GCC_WARN_ABOUT_RETURN_TYPE = YES_ERROR;
				GCC_WARN_UNDECLARED_SELECTOR = YES;
				GCC_WARN_UNINITIALIZED_AUTOS = YES_AGGRESSIVE;
				GCC_WARN_UNUSED_FUNCTION = YES;
				GCC_WARN_UNUSED_VARIABLE = YES;
				IPHONEOS_DEPLOYMENT_TARGET = 14.2;
				MTL_ENABLE_DEBUG_INFO = INCLUDE_SOURCE;
				MTL_FAST_MATH = YES;
				ONLY_ACTIVE_ARCH = YES;
				SDKROOT = iphoneos;
				SWIFT_ACTIVE_COMPILATION_CONDITIONS = DEBUG;
				SWIFT_OPTIMIZATION_LEVEL = "-Onone";
			};
			name = Debug;
		};
		CE2F766525808EB20021E3BC /* Release */ = {
			isa = XCBuildConfiguration;
			buildSettings = {
				ALWAYS_SEARCH_USER_PATHS = NO;
				CLANG_ANALYZER_NONNULL = YES;
				CLANG_ANALYZER_NUMBER_OBJECT_CONVERSION = YES_AGGRESSIVE;
				CLANG_CXX_LANGUAGE_STANDARD = "gnu++14";
				CLANG_CXX_LIBRARY = "libc++";
				CLANG_ENABLE_MODULES = YES;
				CLANG_ENABLE_OBJC_ARC = YES;
				CLANG_ENABLE_OBJC_WEAK = YES;
				CLANG_WARN_BLOCK_CAPTURE_AUTORELEASING = YES;
				CLANG_WARN_BOOL_CONVERSION = YES;
				CLANG_WARN_COMMA = YES;
				CLANG_WARN_CONSTANT_CONVERSION = YES;
				CLANG_WARN_DEPRECATED_OBJC_IMPLEMENTATIONS = YES;
				CLANG_WARN_DIRECT_OBJC_ISA_USAGE = YES_ERROR;
				CLANG_WARN_DOCUMENTATION_COMMENTS = YES;
				CLANG_WARN_EMPTY_BODY = YES;
				CLANG_WARN_ENUM_CONVERSION = YES;
				CLANG_WARN_INFINITE_RECURSION = YES;
				CLANG_WARN_INT_CONVERSION = YES;
				CLANG_WARN_NON_LITERAL_NULL_CONVERSION = YES;
				CLANG_WARN_OBJC_IMPLICIT_RETAIN_SELF = YES;
				CLANG_WARN_OBJC_LITERAL_CONVERSION = YES;
				CLANG_WARN_OBJC_ROOT_CLASS = YES_ERROR;
				CLANG_WARN_QUOTED_INCLUDE_IN_FRAMEWORK_HEADER = YES;
				CLANG_WARN_RANGE_LOOP_ANALYSIS = YES;
				CLANG_WARN_STRICT_PROTOTYPES = YES;
				CLANG_WARN_SUSPICIOUS_MOVE = YES;
				CLANG_WARN_UNGUARDED_AVAILABILITY = YES_AGGRESSIVE;
				CLANG_WARN_UNREACHABLE_CODE = YES;
				CLANG_WARN__DUPLICATE_METHOD_MATCH = YES;
				COPY_PHASE_STRIP = NO;
				DEBUG_INFORMATION_FORMAT = "dwarf-with-dsym";
				ENABLE_NS_ASSERTIONS = NO;
				ENABLE_STRICT_OBJC_MSGSEND = YES;
				GCC_C_LANGUAGE_STANDARD = gnu11;
				GCC_NO_COMMON_BLOCKS = YES;
				GCC_WARN_64_TO_32_BIT_CONVERSION = YES;
				GCC_WARN_ABOUT_RETURN_TYPE = YES_ERROR;
				GCC_WARN_UNDECLARED_SELECTOR = YES;
				GCC_WARN_UNINITIALIZED_AUTOS = YES_AGGRESSIVE;
				GCC_WARN_UNUSED_FUNCTION = YES;
				GCC_WARN_UNUSED_VARIABLE = YES;
				IPHONEOS_DEPLOYMENT_TARGET = 14.2;
				MTL_ENABLE_DEBUG_INFO = NO;
				MTL_FAST_MATH = YES;
				SDKROOT = iphoneos;
				SWIFT_COMPILATION_MODE = wholemodule;
				SWIFT_OPTIMIZATION_LEVEL = "-O";
				VALIDATE_PRODUCT = YES;
			};
			name = Release;
		};
		CE2F766725808EB20021E3BC /* Debug */ = {
			isa = XCBuildConfiguration;
			buildSettings = {
				ASSETCATALOG_COMPILER_APPICON_NAME = AppIcon;
				ASSETCATALOG_COMPILER_GLOBAL_ACCENT_COLOR_NAME = AccentColor;
				CODE_SIGN_STYLE = Automatic;
				DEVELOPMENT_TEAM = 32GE9C7793;
				INFOPLIST_FILE = HolloWorld/Info.plist;
				LD_RUNPATH_SEARCH_PATHS = (
					"$(inherited)",
					"@executable_path/Frameworks",
				);
				PRODUCT_BUNDLE_IDENTIFIER = PiLabStudio.HolloWorld;
				PRODUCT_NAME = "$(TARGET_NAME)";
				SWIFT_VERSION = 5.0;
				TARGETED_DEVICE_FAMILY = "1,2";
			};
			name = Debug;
		};
		CE2F766825808EB20021E3BC /* Release */ = {
			isa = XCBuildConfiguration;
			buildSettings = {
				ASSETCATALOG_COMPILER_APPICON_NAME = AppIcon;
				ASSETCATALOG_COMPILER_GLOBAL_ACCENT_COLOR_NAME = AccentColor;
				CODE_SIGN_STYLE = Automatic;
				DEVELOPMENT_TEAM = 32GE9C7793;
				INFOPLIST_FILE = HolloWorld/Info.plist;
				LD_RUNPATH_SEARCH_PATHS = (
					"$(inherited)",
					"@executable_path/Frameworks",
				);
				PRODUCT_BUNDLE_IDENTIFIER = PiLabStudio.HolloWorld;
				PRODUCT_NAME = "$(TARGET_NAME)";
				SWIFT_VERSION = 5.0;
				TARGETED_DEVICE_FAMILY = "1,2";
			};
			name = Release;
		};
/* End XCBuildConfiguration section */

/* Begin XCConfigurationList section */
		CE2F764A25808EB10021E3BC /* Build configuration list for PBXProject "HolloWorld" */ = {
			isa = XCConfigurationList;
			buildConfigurations = (
				CE2F766425808EB20021E3BC /* Debug */,
				CE2F766525808EB20021E3BC /* Release */,
			);
			defaultConfigurationIsVisible = 0;
			defaultConfigurationName = Release;
		};
		CE2F766625808EB20021E3BC /* Build configuration list for PBXNativeTarget "HolloWorld" */ = {
			isa = XCConfigurationList;
			buildConfigurations = (
				CE2F766725808EB20021E3BC /* Debug */,
				CE2F766825808EB20021E3BC /* Release */,
			);
			defaultConfigurationIsVisible = 0;
			defaultConfigurationName = Release;
		};
/* End XCConfigurationList section */

/* Begin XCVersionGroup section */
		CE2F765B25808EB10021E3BC /* HolloWorld.xcdatamodeld */ = {
			isa = XCVersionGroup;
			children = (
				CE2F765C25808EB10021E3BC /* HolloWorld.xcdatamodel */,
			);
			currentVersion = CE2F765C25808EB10021E3BC /* HolloWorld.xcdatamodel */;
			path = HolloWorld.xcdatamodeld;
			sourceTree = "<group>";
			versionGroupType = wrapper.xcdatamodel;
		};
/* End XCVersionGroup section */
	};
	rootObject = CE2F764725808EB10021E3BC /* Project object */;
}
